<Solution>
    <Folder Name="/Source/">
        <Project Path="Source/Orleans/Orleans.csproj" />
        <Project Path="Source/Orleans.Specs/Orleans.Specs.csproj" />
        <Project Path="Source/Orleans.Storage/Orleans.Storage.csproj" />
        <Project Path="Source/Orleans.Storage.MongoDB/Orleans.Storage.MongoDB.csproj" />
        <Project Path="Source/Orleans.Storage.Sql/Orleans.Storage.Sql.csproj" />
        <Project Path="Source/Orleans.Storage.Specs/Orleans.Storage.Specs.csproj" />
        <Project Path="Source/Orleans.Storage.MongoDB.Specs/Orleans.Storage.MongoDB.Specs.csproj" />
        <Project Path="Source/Orleans.Storage.Sql.Specs/Orleans.Storage.Sql.Specs.csproj" />
    </Folder>
    <Folder Name="/Integration/">
        <Project Path="Integration/Jobs.Integration/Jobs.Integration.csproj" />
    </Folder>
</Solution>
